
Microsoft Visual Studio Solution File, Format Version 12.00
# Visual Studio 14
VisualStudioVersion = 14.0.25420.1
MinimumVisualStudioVersion = 10.0.40219.1
Project("{FAE04EC0-301F-11D3-BF4B-00C04F79EFBC}") = "DataConnectors", "DataConnectors\DataConnectors.csproj", "{C09482A5-39F3-40D7-8A6C-730D28A77F27}"
EndProject
Project("{FAE04EC0-301F-11D3-BF4B-00C04F79EFBC}") = "DataConnectors.Sample", "DataConnectors.Sample\DataConnectors.Sample.csproj", "{00A8581A-A44B-4302-B57B-CB01A803588F}"
EndProject
Project("{FAE04EC0-301F-11D3-BF4B-00C04F79EFBC}") = "DataConnectors.Test", "DataConnectors.Test\DataConnectors.Test.csproj", "{2775E7EA-2D00-43AC-A8E2-E8EB5722C133}"
EndProject
Global
	GlobalSection(SolutionConfigurationPlatforms) = preSolution
		Debug|Any CPU = Debug|Any CPU
		Release|Any CPU = Release|Any CPU
	EndGlobalSection
	GlobalSection(ProjectConfigurationPlatforms) = postSolution
		{C09482A5-39F3-40D7-8A6C-730D28A77F27}.Debug|Any CPU.ActiveCfg = Debug|Any CPU
		{C09482A5-39F3-40D7-8A6C-730D28A77F27}.Debug|Any CPU.Build.0 = Debug|Any CPU
		{C09482A5-39F3-40D7-8A6C-730D28A77F27}.Release|Any CPU.ActiveCfg = Release|Any CPU
		{C09482A5-39F3-40D7-8A6C-730D28A77F27}.Release|Any CPU.Build.0 = Release|Any CPU
		{00A8581A-A44B-4302-B57B-CB01A803588F}.Debug|Any CPU.ActiveCfg = Debug|Any CPU
		{00A8581A-A44B-4302-B57B-CB01A803588F}.Debug|Any CPU.Build.0 = Debug|Any CPU
		{00A8581A-A44B-4302-B57B-CB01A803588F}.Release|Any CPU.ActiveCfg = Release|Any CPU
		{00A8581A-A44B-4302-B57B-CB01A803588F}.Release|Any CPU.Build.0 = Release|Any CPU
		{2775E7EA-2D00-43AC-A8E2-E8EB5722C133}.Debug|Any CPU.ActiveCfg = Debug|Any CPU
		{2775E7EA-2D00-43AC-A8E2-E8EB5722C133}.Debug|Any CPU.Build.0 = Debug|Any CPU
		{2775E7EA-2D00-43AC-A8E2-E8EB5722C133}.Release|Any CPU.ActiveCfg = Release|Any CPU
		{2775E7EA-2D00-43AC-A8E2-E8EB5722C133}.Release|Any CPU.Build.0 = Release|Any CPU
	EndGlobalSection
	GlobalSection(SolutionProperties) = preSolution
		HideSolutionNode = FALSE
	EndGlobalSection
EndGlobal
